
Microsoft Visual Studio Solution File, Format Version 12.00
# Visual Studio 15
VisualStudioVersion = 15.0.28307.1585
MinimumVisualStudioVersion = 10.0.40219.1
Project("{FAE04EC0-301F-11D3-BF4B-00C04F79EFBC}") = "NeoGames", "NeoGames\NeoGames.csproj", "{4F4CA6E0-F710-4245-8596-157E4388D4E8}"
EndProject
Global
	GlobalSection(SolutionConfigurationPlatforms) = preSolution
		Debug|Any CPU = Debug|Any CPU
		Release|Any CPU = Release|Any CPU
	EndGlobalSection
	GlobalSection(ProjectConfigurationPlatforms) = postSolution
		{4F4CA6E0-F710-4245-8596-157E4388D4E8}.Debug|Any CPU.ActiveCfg = Debug|Any CPU
		{4F4CA6E0-F710-4245-8596-157E4388D4E8}.Debug|Any CPU.Build.0 = Debug|Any CPU
		{4F4CA6E0-F710-4245-8596-157E4388D4E8}.Release|Any CPU.ActiveCfg = Release|Any CPU
		{4F4CA6E0-F710-4245-8596-157E4388D4E8}.Release|Any CPU.Build.0 = Release|Any CPU
	EndGlobalSection
	GlobalSection(SolutionProperties) = preSolution
		HideSolutionNode = FALSE
	EndGlobalSection
	GlobalSection(ExtensibilityGlobals) = postSolution
		SolutionGuid = {074849DB-4DAA-422E-BE7D-4AED5274FE77}
	EndGlobalSection
EndGlobal
